
Microsoft Visual Studio Solution File, Format Version 12.00
# Visual Studio Version 16
VisualStudioVersion = 16.0.31702.278
MinimumVisualStudioVersion = 10.0.40219.1
Project("{FAE04EC0-301F-11D3-BF4B-00C04F79EFBC}") = "ClassAppWorksheet", "ClassAppWorksheet\ClassAppWorksheet.csproj", "{9AD55348-7BF5-4F6A-8160-597E31A448AA}"
EndProject
Global
	GlobalSection(SolutionConfigurationPlatforms) = preSolution
		Debug|Any CPU = Debug|Any CPU
		Release|Any CPU = Release|Any CPU
	EndGlobalSection
	GlobalSection(ProjectConfigurationPlatforms) = postSolution
		{9AD55348-7BF5-4F6A-8160-597E31A448AA}.Debug|Any CPU.ActiveCfg = Debug|Any CPU
		{9AD55348-7BF5-4F6A-8160-597E31A448AA}.Debug|Any CPU.Build.0 = Debug|Any CPU
		{9AD55348-7BF5-4F6A-8160-597E31A448AA}.Release|Any CPU.ActiveCfg = Release|Any CPU
		{9AD55348-7BF5-4F6A-8160-597E31A448AA}.Release|Any CPU.Build.0 = Release|Any CPU
	EndGlobalSection
	GlobalSection(SolutionProperties) = preSolution
		HideSolutionNode = FALSE
	EndGlobalSection
	GlobalSection(ExtensibilityGlobals) = postSolution
		SolutionGuid = {6961BD77-0C0B-4644-B4F4-D379991059EB}
	EndGlobalSection
EndGlobal
