
Microsoft Visual Studio Solution File, Format Version 12.00
# Visual Studio Version 16
VisualStudioVersion = 16.0.31729.503
MinimumVisualStudioVersion = 10.0.40219.1
Project("{FAE04EC0-301F-11D3-BF4B-00C04F79EFBC}") = "DataBaseEditor", "DataBaseEditor.csproj", "{DD060B27-3742-4C10-A4DF-0EA8493FE7D3}"
EndProject
Global
	GlobalSection(SolutionConfigurationPlatforms) = preSolution
		Debug|Any CPU = Debug|Any CPU
		Release|Any CPU = Release|Any CPU
	EndGlobalSection
	GlobalSection(ProjectConfigurationPlatforms) = postSolution
		{DD060B27-3742-4C10-A4DF-0EA8493FE7D3}.Debug|Any CPU.ActiveCfg = Debug|Any CPU
		{DD060B27-3742-4C10-A4DF-0EA8493FE7D3}.Debug|Any CPU.Build.0 = Debug|Any CPU
		{DD060B27-3742-4C10-A4DF-0EA8493FE7D3}.Release|Any CPU.ActiveCfg = Release|Any CPU
		{DD060B27-3742-4C10-A4DF-0EA8493FE7D3}.Release|Any CPU.Build.0 = Release|Any CPU
	EndGlobalSection
	GlobalSection(SolutionProperties) = preSolution
		HideSolutionNode = FALSE
	EndGlobalSection
	GlobalSection(ExtensibilityGlobals) = postSolution
		SolutionGuid = {6794E0B1-B1D4-4553-90CD-AA731BDD5908}
	EndGlobalSection
EndGlobal
