
Microsoft Visual Studio Solution File, Format Version 12.00
# Visual Studio Version 16
VisualStudioVersion = 16.0.31702.278
MinimumVisualStudioVersion = 10.0.40219.1
Project("{FAE04EC0-301F-11D3-BF4B-00C04F79EFBC}") = "WorkinConsole", "WorkinConsole\WorkinConsole.csproj", "{1CBA9DE1-5595-4A40-8CF9-7A494BDB6BCF}"
EndProject
Global
	GlobalSection(SolutionConfigurationPlatforms) = preSolution
		Debug|Any CPU = Debug|Any CPU
		Release|Any CPU = Release|Any CPU
	EndGlobalSection
	GlobalSection(ProjectConfigurationPlatforms) = postSolution
		{1CBA9DE1-5595-4A40-8CF9-7A494BDB6BCF}.Debug|Any CPU.ActiveCfg = Debug|Any CPU
		{1CBA9DE1-5595-4A40-8CF9-7A494BDB6BCF}.Debug|Any CPU.Build.0 = Debug|Any CPU
		{1CBA9DE1-5595-4A40-8CF9-7A494BDB6BCF}.Release|Any CPU.ActiveCfg = Release|Any CPU
		{1CBA9DE1-5595-4A40-8CF9-7A494BDB6BCF}.Release|Any CPU.Build.0 = Release|Any CPU
	EndGlobalSection
	GlobalSection(SolutionProperties) = preSolution
		HideSolutionNode = FALSE
	EndGlobalSection
	GlobalSection(ExtensibilityGlobals) = postSolution
		SolutionGuid = {7C3E3E6F-B966-407E-96A1-92F2E136C0DE}
	EndGlobalSection
EndGlobal
